
Microsoft Visual Studio Solution File, Format Version 12.00
# Visual Studio Version 17
VisualStudioVersion = 17.13.35913.81 d17.13
MinimumVisualStudioVersion = 10.0.40219.1
Project("{FAE04EC0-301F-11D3-BF4B-00C04F79EFBC}") = "DemoEcentricPaymentSystems", "DemoEcentricPaymentSystems\DemoEcentricPaymentSystems.csproj", "{CF281971-85B8-4F1F-8FA2-A9A60E78C073}"
EndProject
Global
	GlobalSection(SolutionConfigurationPlatforms) = preSolution
		Debug|Any CPU = Debug|Any CPU
		Release|Any CPU = Release|Any CPU
	EndGlobalSection
	GlobalSection(ProjectConfigurationPlatforms) = postSolution
		{CF281971-85B8-4F1F-8FA2-A9A60E78C073}.Debug|Any CPU.ActiveCfg = Debug|Any CPU
		{CF281971-85B8-4F1F-8FA2-A9A60E78C073}.Debug|Any CPU.Build.0 = Debug|Any CPU
		{CF281971-85B8-4F1F-8FA2-A9A60E78C073}.Release|Any CPU.ActiveCfg = Release|Any CPU
		{CF281971-85B8-4F1F-8FA2-A9A60E78C073}.Release|Any CPU.Build.0 = Release|Any CPU
	EndGlobalSection
	GlobalSection(SolutionProperties) = preSolution
		HideSolutionNode = FALSE
	EndGlobalSection
	GlobalSection(ExtensibilityGlobals) = postSolution
		SolutionGuid = {91B7BE48-D694-413D-AAF7-C2C8EEFFCDD3}
	EndGlobalSection
EndGlobal
